
Microsoft Visual Studio Solution File, Format Version 12.00
# Visual Studio Version 16
VisualStudioVersion = 16.0.31321.278
MinimumVisualStudioVersion = 10.0.40219.1
Project("{FAE04EC0-301F-11D3-BF4B-00C04F79EFBC}") = "Avanade.SubTCSE.Projeto.API", "Avanade.SubTCSE.Projeto.API\Avanade.SubTCSE.Projeto.API.csproj", "{F43C1CE6-60D9-43BD-AE34-290F9513F7F1}"
EndProject
Global
	GlobalSection(SolutionConfigurationPlatforms) = preSolution
		Debug|Any CPU = Debug|Any CPU
		Release|Any CPU = Release|Any CPU
	EndGlobalSection
	GlobalSection(ProjectConfigurationPlatforms) = postSolution
		{F43C1CE6-60D9-43BD-AE34-290F9513F7F1}.Debug|Any CPU.ActiveCfg = Debug|Any CPU
		{F43C1CE6-60D9-43BD-AE34-290F9513F7F1}.Debug|Any CPU.Build.0 = Debug|Any CPU
		{F43C1CE6-60D9-43BD-AE34-290F9513F7F1}.Release|Any CPU.ActiveCfg = Release|Any CPU
		{F43C1CE6-60D9-43BD-AE34-290F9513F7F1}.Release|Any CPU.Build.0 = Release|Any CPU
	EndGlobalSection
	GlobalSection(SolutionProperties) = preSolution
		HideSolutionNode = FALSE
	EndGlobalSection
	GlobalSection(ExtensibilityGlobals) = postSolution
		SolutionGuid = {ED403825-DB15-4F6B-B0CB-CEFBB88667AA}
	EndGlobalSection
EndGlobal
